
Microsoft Visual Studio Solution File, Format Version 12.00
# Visual Studio 2013
VisualStudioVersion = 12.0.21005.1
MinimumVisualStudioVersion = 10.0.40219.1
Project("{FAE04EC0-301F-11D3-BF4B-00C04F79EFBC}") = "CentralServer", "CentralServer\CentralServer.csproj", "{588F2F8C-0F6C-4B76-90BE-B85924D965B4}"
EndProject
Project("{FAE04EC0-301F-11D3-BF4B-00C04F79EFBC}") = "ForTest", "ForTest\ForTest.csproj", "{12052476-5B0E-422C-8795-EFF8E3194F9B}"
EndProject
Global
	GlobalSection(SolutionConfigurationPlatforms) = preSolution
		Debug|Any CPU = Debug|Any CPU
		Release|Any CPU = Release|Any CPU
	EndGlobalSection
	GlobalSection(ProjectConfigurationPlatforms) = postSolution
		{588F2F8C-0F6C-4B76-90BE-B85924D965B4}.Debug|Any CPU.ActiveCfg = Debug|Any CPU
		{588F2F8C-0F6C-4B76-90BE-B85924D965B4}.Debug|Any CPU.Build.0 = Debug|Any CPU
		{588F2F8C-0F6C-4B76-90BE-B85924D965B4}.Release|Any CPU.ActiveCfg = Release|Any CPU
		{588F2F8C-0F6C-4B76-90BE-B85924D965B4}.Release|Any CPU.Build.0 = Release|Any CPU
		{12052476-5B0E-422C-8795-EFF8E3194F9B}.Debug|Any CPU.ActiveCfg = Debug|Any CPU
		{12052476-5B0E-422C-8795-EFF8E3194F9B}.Debug|Any CPU.Build.0 = Debug|Any CPU
		{12052476-5B0E-422C-8795-EFF8E3194F9B}.Release|Any CPU.ActiveCfg = Release|Any CPU
		{12052476-5B0E-422C-8795-EFF8E3194F9B}.Release|Any CPU.Build.0 = Release|Any CPU
	EndGlobalSection
	GlobalSection(SolutionProperties) = preSolution
		HideSolutionNode = FALSE
	EndGlobalSection
EndGlobal
